
Microsoft Visual Studio Solution File, Format Version 12.00
# Visual Studio 2012
Project("{FAE04EC0-301F-11D3-BF4B-00C04F79EFBC}") = "webbanhang_asp", "webbanhang_asp\webbanhang_asp.csproj", "{DC8EEC84-8707-40B8-B1E9-B2CAE5874CB7}"
EndProject
Global
	GlobalSection(SolutionConfigurationPlatforms) = preSolution
		Debug|Any CPU = Debug|Any CPU
		Release|Any CPU = Release|Any CPU
	EndGlobalSection
	GlobalSection(ProjectConfigurationPlatforms) = postSolution
		{DC8EEC84-8707-40B8-B1E9-B2CAE5874CB7}.Debug|Any CPU.ActiveCfg = Debug|Any CPU
		{DC8EEC84-8707-40B8-B1E9-B2CAE5874CB7}.Debug|Any CPU.Build.0 = Debug|Any CPU
		{DC8EEC84-8707-40B8-B1E9-B2CAE5874CB7}.Release|Any CPU.ActiveCfg = Release|Any CPU
		{DC8EEC84-8707-40B8-B1E9-B2CAE5874CB7}.Release|Any CPU.Build.0 = Release|Any CPU
	EndGlobalSection
	GlobalSection(SolutionProperties) = preSolution
		HideSolutionNode = FALSE
	EndGlobalSection
EndGlobal
